
Microsoft Visual Studio Solution File, Format Version 12.00
# Visual Studio 14
VisualStudioVersion = 14.0.25123.0
MinimumVisualStudioVersion = 10.0.40219.1
Project("{FAE04EC0-301F-11D3-BF4B-00C04F79EFBC}") = "WeQuestion.Data", "WeQuestion.Data\WeQuestion.Data.csproj", "{862CEA4C-39F3-4ECE-A95F-A3683310DACB}"
EndProject
Project("{FAE04EC0-301F-11D3-BF4B-00C04F79EFBC}") = "WeQuestion.Domain", "WeQuestion.Domain\WeQuestion.Domain.csproj", "{BE7644A1-2C70-4786-933A-31C29011C481}"
EndProject
Project("{FAE04EC0-301F-11D3-BF4B-00C04F79EFBC}") = "WeQuestion.Web", "WeQuestion.Web\WeQuestion.Web.csproj", "{2A626941-18F8-4C6B-9549-8292A85A735C}"
EndProject
Global
	GlobalSection(SolutionConfigurationPlatforms) = preSolution
		Debug|Any CPU = Debug|Any CPU
		Release|Any CPU = Release|Any CPU
	EndGlobalSection
	GlobalSection(ProjectConfigurationPlatforms) = postSolution
		{862CEA4C-39F3-4ECE-A95F-A3683310DACB}.Debug|Any CPU.ActiveCfg = Debug|Any CPU
		{862CEA4C-39F3-4ECE-A95F-A3683310DACB}.Debug|Any CPU.Build.0 = Debug|Any CPU
		{862CEA4C-39F3-4ECE-A95F-A3683310DACB}.Release|Any CPU.ActiveCfg = Release|Any CPU
		{862CEA4C-39F3-4ECE-A95F-A3683310DACB}.Release|Any CPU.Build.0 = Release|Any CPU
		{BE7644A1-2C70-4786-933A-31C29011C481}.Debug|Any CPU.ActiveCfg = Debug|Any CPU
		{BE7644A1-2C70-4786-933A-31C29011C481}.Debug|Any CPU.Build.0 = Debug|Any CPU
		{BE7644A1-2C70-4786-933A-31C29011C481}.Release|Any CPU.ActiveCfg = Release|Any CPU
		{BE7644A1-2C70-4786-933A-31C29011C481}.Release|Any CPU.Build.0 = Release|Any CPU
		{2A626941-18F8-4C6B-9549-8292A85A735C}.Debug|Any CPU.ActiveCfg = Debug|Any CPU
		{2A626941-18F8-4C6B-9549-8292A85A735C}.Debug|Any CPU.Build.0 = Debug|Any CPU
		{2A626941-18F8-4C6B-9549-8292A85A735C}.Release|Any CPU.ActiveCfg = Release|Any CPU
		{2A626941-18F8-4C6B-9549-8292A85A735C}.Release|Any CPU.Build.0 = Release|Any CPU
	EndGlobalSection
	GlobalSection(SolutionProperties) = preSolution
		HideSolutionNode = FALSE
	EndGlobalSection
EndGlobal
