
Microsoft Visual Studio Solution File, Format Version 12.00
# Visual Studio 14
VisualStudioVersion = 14.0.25123.0
MinimumVisualStudioVersion = 10.0.40219.1
Project("{2150E333-8FDC-42A3-9474-1A3956D46DE8}") = "src", "src", "{6E843F12-B3B5-47E3-994C-9EC8D1F44D37}"
EndProject
Project("{2150E333-8FDC-42A3-9474-1A3956D46DE8}") = "Solution Items", "Solution Items", "{70C69AE5-CFC5-4054-A943-B191EA4100B9}"
	ProjectSection(SolutionItems) = preProject
		global.json = global.json
	EndProjectSection
EndProject
Project("{8BB2217D-0F2D-49D1-97BC-3654ED321F3B}") = "WeQuestion.Web", "src\WeQuestion.Web\WeQuestion.Web.xproj", "{B6266EEF-CB47-4E17-92CE-965571A62B37}"
EndProject
Global
	GlobalSection(SolutionConfigurationPlatforms) = preSolution
		Debug|Any CPU = Debug|Any CPU
		Release|Any CPU = Release|Any CPU
	EndGlobalSection
	GlobalSection(ProjectConfigurationPlatforms) = postSolution
		{B6266EEF-CB47-4E17-92CE-965571A62B37}.Debug|Any CPU.ActiveCfg = Debug|Any CPU
		{B6266EEF-CB47-4E17-92CE-965571A62B37}.Debug|Any CPU.Build.0 = Debug|Any CPU
		{B6266EEF-CB47-4E17-92CE-965571A62B37}.Release|Any CPU.ActiveCfg = Release|Any CPU
		{B6266EEF-CB47-4E17-92CE-965571A62B37}.Release|Any CPU.Build.0 = Release|Any CPU
	EndGlobalSection
	GlobalSection(SolutionProperties) = preSolution
		HideSolutionNode = FALSE
	EndGlobalSection
	GlobalSection(NestedProjects) = preSolution
		{B6266EEF-CB47-4E17-92CE-965571A62B37} = {6E843F12-B3B5-47E3-994C-9EC8D1F44D37}
	EndGlobalSection
EndGlobal
